
Microsoft Visual Studio Solution File, Format Version 12.00
# Visual Studio Version 17
VisualStudioVersion = 17.2.32526.322
MinimumVisualStudioVersion = 10.0.40219.1
Project("{8BC9CEB8-8B4A-11D0-8D11-00A0C91BC942}") = "Example", "Example\Example.vcxproj", "{6E88A45E-AB9B-4BB1-B187-08EC93A0F2E4}"
EndProject
Project("{8BC9CEB8-8B4A-11D0-8D11-00A0C91BC942}") = "PolyCPP", "PolyCPP\PolyCPP.vcxproj", "{97A85C11-AB03-4553-8BBB-FA072F248378}"
EndProject
Project("{8BC9CEB8-8B4A-11D0-8D11-00A0C91BC942}") = "WorkingFiles", "WorkingFiles\WorkingFiles.vcxproj", "{32082C9C-A38B-406E-924B-814AA5A57CE3}"
EndProject
Project("{8BC9CEB8-8B4A-11D0-8D11-00A0C91BC942}") = "ClassTemplate", "ClassTemplate\ClassTemplate.vcxproj", "{5227B301-A36E-4A1B-AFC4-CD8278B3B79B}"
EndProject
Project("{8BC9CEB8-8B4A-11D0-8D11-00A0C91BC942}") = "1.StackExample", "1.StackExample\1.StackExample.vcxproj", "{F4F76904-353C-466B-A29D-29A3F72AF489}"
EndProject
Project("{8BC9CEB8-8B4A-11D0-8D11-00A0C91BC942}") = "2.CustomList", "2.CustomList\2.CustomList.vcxproj", "{E311DB58-A796-4BB9-BB1A-7EE8A02D28FD}"
EndProject
Project("{8BC9CEB8-8B4A-11D0-8D11-00A0C91BC942}") = "3.ProjectDoublyList", "3.ProjectDoublyList\3.ProjectDoublyList.vcxproj", "{DD78E5F4-1D4F-4836-947B-6BB853F35C78}"
EndProject
Project("{8BC9CEB8-8B4A-11D0-8D11-00A0C91BC942}") = "4.BinarySimple", "4.BinarySimple\4.BinarySimple.vcxproj", "{A538C3F1-FDF7-46C5-83F1-72C91B2AEE54}"
EndProject
Project("{8BC9CEB8-8B4A-11D0-8D11-00A0C91BC942}") = "5.WorkingImages", "5.WorkingImages\5.WorkingImages.vcxproj", "{20E12A95-3C6A-4582-9E5F-7E4F801C456A}"
EndProject
Project("{8BC9CEB8-8B4A-11D0-8D11-00A0C91BC942}") = "6.RandomFileName", "6.RandomFileName\6.RandomFileName.vcxproj", "{4F0F572A-A00D-45C8-81C5-B3EE8F3A7813}"
EndProject
Project("{8BC9CEB8-8B4A-11D0-8D11-00A0C91BC942}") = "7.Working Students", "7.Working Students\7.Working Students.vcxproj", "{68E5B0FF-CAB5-410C-911A-BF3294D71A9E}"
EndProject
Project("{8BC9CEB8-8B4A-11D0-8D11-00A0C91BC942}") = "8.STL", "8.STL\8.STL.vcxproj", "{DA731E12-0C2B-4614-9AE1-9A65F6BF70CE}"
EndProject
Global
	GlobalSection(SolutionConfigurationPlatforms) = preSolution
		Debug|x64 = Debug|x64
		Debug|x86 = Debug|x86
		Release|x64 = Release|x64
		Release|x86 = Release|x86
	EndGlobalSection
	GlobalSection(ProjectConfigurationPlatforms) = postSolution
		{6E88A45E-AB9B-4BB1-B187-08EC93A0F2E4}.Debug|x64.ActiveCfg = Debug|x64
		{6E88A45E-AB9B-4BB1-B187-08EC93A0F2E4}.Debug|x64.Build.0 = Debug|x64
		{6E88A45E-AB9B-4BB1-B187-08EC93A0F2E4}.Debug|x86.ActiveCfg = Debug|Win32
		{6E88A45E-AB9B-4BB1-B187-08EC93A0F2E4}.Debug|x86.Build.0 = Debug|Win32
		{6E88A45E-AB9B-4BB1-B187-08EC93A0F2E4}.Release|x64.ActiveCfg = Release|x64
		{6E88A45E-AB9B-4BB1-B187-08EC93A0F2E4}.Release|x64.Build.0 = Release|x64
		{6E88A45E-AB9B-4BB1-B187-08EC93A0F2E4}.Release|x86.ActiveCfg = Release|Win32
		{6E88A45E-AB9B-4BB1-B187-08EC93A0F2E4}.Release|x86.Build.0 = Release|Win32
		{97A85C11-AB03-4553-8BBB-FA072F248378}.Debug|x64.ActiveCfg = Debug|x64
		{97A85C11-AB03-4553-8BBB-FA072F248378}.Debug|x64.Build.0 = Debug|x64
		{97A85C11-AB03-4553-8BBB-FA072F248378}.Debug|x86.ActiveCfg = Debug|Win32
		{97A85C11-AB03-4553-8BBB-FA072F248378}.Debug|x86.Build.0 = Debug|Win32
		{97A85C11-AB03-4553-8BBB-FA072F248378}.Release|x64.ActiveCfg = Release|x64
		{97A85C11-AB03-4553-8BBB-FA072F248378}.Release|x64.Build.0 = Release|x64
		{97A85C11-AB03-4553-8BBB-FA072F248378}.Release|x86.ActiveCfg = Release|Win32
		{97A85C11-AB03-4553-8BBB-FA072F248378}.Release|x86.Build.0 = Release|Win32
		{32082C9C-A38B-406E-924B-814AA5A57CE3}.Debug|x64.ActiveCfg = Debug|x64
		{32082C9C-A38B-406E-924B-814AA5A57CE3}.Debug|x64.Build.0 = Debug|x64
		{32082C9C-A38B-406E-924B-814AA5A57CE3}.Debug|x86.ActiveCfg = Debug|Win32
		{32082C9C-A38B-406E-924B-814AA5A57CE3}.Debug|x86.Build.0 = Debug|Win32
		{32082C9C-A38B-406E-924B-814AA5A57CE3}.Release|x64.ActiveCfg = Release|x64
		{32082C9C-A38B-406E-924B-814AA5A57CE3}.Release|x64.Build.0 = Release|x64
		{32082C9C-A38B-406E-924B-814AA5A57CE3}.Release|x86.ActiveCfg = Release|Win32
		{32082C9C-A38B-406E-924B-814AA5A57CE3}.Release|x86.Build.0 = Release|Win32
		{5227B301-A36E-4A1B-AFC4-CD8278B3B79B}.Debug|x64.ActiveCfg = Debug|x64
		{5227B301-A36E-4A1B-AFC4-CD8278B3B79B}.Debug|x64.Build.0 = Debug|x64
		{5227B301-A36E-4A1B-AFC4-CD8278B3B79B}.Debug|x86.ActiveCfg = Debug|Win32
		{5227B301-A36E-4A1B-AFC4-CD8278B3B79B}.Debug|x86.Build.0 = Debug|Win32
		{5227B301-A36E-4A1B-AFC4-CD8278B3B79B}.Release|x64.ActiveCfg = Release|x64
		{5227B301-A36E-4A1B-AFC4-CD8278B3B79B}.Release|x64.Build.0 = Release|x64
		{5227B301-A36E-4A1B-AFC4-CD8278B3B79B}.Release|x86.ActiveCfg = Release|Win32
		{5227B301-A36E-4A1B-AFC4-CD8278B3B79B}.Release|x86.Build.0 = Release|Win32
		{F4F76904-353C-466B-A29D-29A3F72AF489}.Debug|x64.ActiveCfg = Debug|x64
		{F4F76904-353C-466B-A29D-29A3F72AF489}.Debug|x64.Build.0 = Debug|x64
		{F4F76904-353C-466B-A29D-29A3F72AF489}.Debug|x86.ActiveCfg = Debug|Win32
		{F4F76904-353C-466B-A29D-29A3F72AF489}.Debug|x86.Build.0 = Debug|Win32
		{F4F76904-353C-466B-A29D-29A3F72AF489}.Release|x64.ActiveCfg = Release|x64
		{F4F76904-353C-466B-A29D-29A3F72AF489}.Release|x64.Build.0 = Release|x64
		{F4F76904-353C-466B-A29D-29A3F72AF489}.Release|x86.ActiveCfg = Release|Win32
		{F4F76904-353C-466B-A29D-29A3F72AF489}.Release|x86.Build.0 = Release|Win32
		{E311DB58-A796-4BB9-BB1A-7EE8A02D28FD}.Debug|x64.ActiveCfg = Debug|x64
		{E311DB58-A796-4BB9-BB1A-7EE8A02D28FD}.Debug|x64.Build.0 = Debug|x64
		{E311DB58-A796-4BB9-BB1A-7EE8A02D28FD}.Debug|x86.ActiveCfg = Debug|Win32
		{E311DB58-A796-4BB9-BB1A-7EE8A02D28FD}.Debug|x86.Build.0 = Debug|Win32
		{E311DB58-A796-4BB9-BB1A-7EE8A02D28FD}.Release|x64.ActiveCfg = Release|x64
		{E311DB58-A796-4BB9-BB1A-7EE8A02D28FD}.Release|x64.Build.0 = Release|x64
		{E311DB58-A796-4BB9-BB1A-7EE8A02D28FD}.Release|x86.ActiveCfg = Release|Win32
		{E311DB58-A796-4BB9-BB1A-7EE8A02D28FD}.Release|x86.Build.0 = Release|Win32
		{DD78E5F4-1D4F-4836-947B-6BB853F35C78}.Debug|x64.ActiveCfg = Debug|x64
		{DD78E5F4-1D4F-4836-947B-6BB853F35C78}.Debug|x64.Build.0 = Debug|x64
		{DD78E5F4-1D4F-4836-947B-6BB853F35C78}.Debug|x86.ActiveCfg = Debug|Win32
		{DD78E5F4-1D4F-4836-947B-6BB853F35C78}.Debug|x86.Build.0 = Debug|Win32
		{DD78E5F4-1D4F-4836-947B-6BB853F35C78}.Release|x64.ActiveCfg = Release|x64
		{DD78E5F4-1D4F-4836-947B-6BB853F35C78}.Release|x64.Build.0 = Release|x64
		{DD78E5F4-1D4F-4836-947B-6BB853F35C78}.Release|x86.ActiveCfg = Release|Win32
		{DD78E5F4-1D4F-4836-947B-6BB853F35C78}.Release|x86.Build.0 = Release|Win32
		{A538C3F1-FDF7-46C5-83F1-72C91B2AEE54}.Debug|x64.ActiveCfg = Debug|x64
		{A538C3F1-FDF7-46C5-83F1-72C91B2AEE54}.Debug|x64.Build.0 = Debug|x64
		{A538C3F1-FDF7-46C5-83F1-72C91B2AEE54}.Debug|x86.ActiveCfg = Debug|Win32
		{A538C3F1-FDF7-46C5-83F1-72C91B2AEE54}.Debug|x86.Build.0 = Debug|Win32
		{A538C3F1-FDF7-46C5-83F1-72C91B2AEE54}.Release|x64.ActiveCfg = Release|x64
		{A538C3F1-FDF7-46C5-83F1-72C91B2AEE54}.Release|x64.Build.0 = Release|x64
		{A538C3F1-FDF7-46C5-83F1-72C91B2AEE54}.Release|x86.ActiveCfg = Release|Win32
		{A538C3F1-FDF7-46C5-83F1-72C91B2AEE54}.Release|x86.Build.0 = Release|Win32
		{20E12A95-3C6A-4582-9E5F-7E4F801C456A}.Debug|x64.ActiveCfg = Debug|x64
		{20E12A95-3C6A-4582-9E5F-7E4F801C456A}.Debug|x64.Build.0 = Debug|x64
		{20E12A95-3C6A-4582-9E5F-7E4F801C456A}.Debug|x86.ActiveCfg = Debug|Win32
		{20E12A95-3C6A-4582-9E5F-7E4F801C456A}.Debug|x86.Build.0 = Debug|Win32
		{20E12A95-3C6A-4582-9E5F-7E4F801C456A}.Release|x64.ActiveCfg = Release|x64
		{20E12A95-3C6A-4582-9E5F-7E4F801C456A}.Release|x64.Build.0 = Release|x64
		{20E12A95-3C6A-4582-9E5F-7E4F801C456A}.Release|x86.ActiveCfg = Release|Win32
		{20E12A95-3C6A-4582-9E5F-7E4F801C456A}.Release|x86.Build.0 = Release|Win32
		{4F0F572A-A00D-45C8-81C5-B3EE8F3A7813}.Debug|x64.ActiveCfg = Debug|x64
		{4F0F572A-A00D-45C8-81C5-B3EE8F3A7813}.Debug|x64.Build.0 = Debug|x64
		{4F0F572A-A00D-45C8-81C5-B3EE8F3A7813}.Debug|x86.ActiveCfg = Debug|Win32
		{4F0F572A-A00D-45C8-81C5-B3EE8F3A7813}.Debug|x86.Build.0 = Debug|Win32
		{4F0F572A-A00D-45C8-81C5-B3EE8F3A7813}.Release|x64.ActiveCfg = Release|x64
		{4F0F572A-A00D-45C8-81C5-B3EE8F3A7813}.Release|x64.Build.0 = Release|x64
		{4F0F572A-A00D-45C8-81C5-B3EE8F3A7813}.Release|x86.ActiveCfg = Release|Win32
		{4F0F572A-A00D-45C8-81C5-B3EE8F3A7813}.Release|x86.Build.0 = Release|Win32
		{68E5B0FF-CAB5-410C-911A-BF3294D71A9E}.Debug|x64.ActiveCfg = Debug|x64
		{68E5B0FF-CAB5-410C-911A-BF3294D71A9E}.Debug|x64.Build.0 = Debug|x64
		{68E5B0FF-CAB5-410C-911A-BF3294D71A9E}.Debug|x86.ActiveCfg = Debug|Win32
		{68E5B0FF-CAB5-410C-911A-BF3294D71A9E}.Debug|x86.Build.0 = Debug|Win32
		{68E5B0FF-CAB5-410C-911A-BF3294D71A9E}.Release|x64.ActiveCfg = Release|x64
		{68E5B0FF-CAB5-410C-911A-BF3294D71A9E}.Release|x64.Build.0 = Release|x64
		{68E5B0FF-CAB5-410C-911A-BF3294D71A9E}.Release|x86.ActiveCfg = Release|Win32
		{68E5B0FF-CAB5-410C-911A-BF3294D71A9E}.Release|x86.Build.0 = Release|Win32
		{DA731E12-0C2B-4614-9AE1-9A65F6BF70CE}.Debug|x64.ActiveCfg = Debug|x64
		{DA731E12-0C2B-4614-9AE1-9A65F6BF70CE}.Debug|x64.Build.0 = Debug|x64
		{DA731E12-0C2B-4614-9AE1-9A65F6BF70CE}.Debug|x86.ActiveCfg = Debug|Win32
		{DA731E12-0C2B-4614-9AE1-9A65F6BF70CE}.Debug|x86.Build.0 = Debug|Win32
		{DA731E12-0C2B-4614-9AE1-9A65F6BF70CE}.Release|x64.ActiveCfg = Release|x64
		{DA731E12-0C2B-4614-9AE1-9A65F6BF70CE}.Release|x64.Build.0 = Release|x64
		{DA731E12-0C2B-4614-9AE1-9A65F6BF70CE}.Release|x86.ActiveCfg = Release|Win32
		{DA731E12-0C2B-4614-9AE1-9A65F6BF70CE}.Release|x86.Build.0 = Release|Win32
	EndGlobalSection
	GlobalSection(SolutionProperties) = preSolution
		HideSolutionNode = FALSE
	EndGlobalSection
	GlobalSection(ExtensibilityGlobals) = postSolution
		SolutionGuid = {94FE64D1-5ADF-4CAF-96FC-647AADBADD38}
	EndGlobalSection
EndGlobal
